{
    "_readme": [
        "This file locks the dependencies of your project to a known state",
        "Read more about it at https://getcomposer.org/doc/01-basic-usage.md#composer-lock-the-lock-file",
        "This file is @generated automatically"
    ],
    "content-hash": "da075ee3cd673f78560a9446354f62c8",
    "packages": [
        {
            "name": "varunsridharan/php-autoloader",
            "version": "1.3.3",
            "source": {
                "type": "git",
                "url": "https://github.com/varunsridharan/php-autoloader.git",
                "reference": "45820c41d0a7529c456262cab38bf38f517675ec"
            },
            "dist": {
                "type": "zip",
                "url": "https://api.github.com/repos/varunsridharan/php-autoloader/zipball/45820c41d0a7529c456262cab38bf38f517675ec",
                "reference": "45820c41d0a7529c456262cab38bf38f517675ec",
                "shasum": ""
            },
            "type": "library",
            "autoload": {
                "psr-4": {
                    "Varunsridharan\\PHP\\": "./src"
                }
            },
            "notification-url": "https://packagist.org/downloads/",
            "license": [
                "GPL-3.0-or-later"
            ],
            "authors": [
                {
                    "name": "Varun",
                    "email": "varunsridharan23@gmail.com",
                    "homepage": "https://varunsridharan.in",
                    "role": "Developer"
                }
            ],
            "description": "Lightweight PSR-4 PHP Autoloader Class.",
            "time": "2019-04-24T01:37:30+00:00"
        },
        {
            "name": "varunsridharan/wp-dependencies",
            "version": "1.4",
            "source": {
                "type": "git",
                "url": "https://github.com/varunsridharan/wp-dependencies.git",
                "reference": "5caf8c62d5adfc8c08605ff94819a379c522940a"
            },
            "dist": {
                "type": "zip",
                "url": "https://api.github.com/repos/varunsridharan/wp-dependencies/zipball/5caf8c62d5adfc8c08605ff94819a379c522940a",
                "reference": "5caf8c62d5adfc8c08605ff94819a379c522940a",
                "shasum": ""
            },
            "type": "library",
            "autoload": {
                "files": [
                    "./src/dependencies.php"
                ]
            },
            "notification-url": "https://packagist.org/downloads/",
            "license": [
                "GPL-3.0-or-later"
            ],
            "authors": [
                {
                    "name": "Varun Sridharan",
                    "email": "varunsridharan23@gmail.com",
                    "homepage": "http://varunsridharan.in",
                    "role": "Developer"
                }
            ],
            "description": "Provides Function To Check if a plugin is active/inactive & function to compare versions.",
            "homepage": "https://github.com/varunsridharan/wp-dependencies/",
            "keywords": [
                "dependencies",
                "vsp-libs",
                "wordpress",
                "wordpress-dependencies",
                "wordpress-development",
                "wordpress-library",
                "wordpress-php-library",
                "wordpress-plugin",
                "wordpress-plugin-development",
                "wordpress-plugin-library",
                "wordpress-plugins",
                "wordpress-theme",
                "wordpress-theme-development",
                "wordpress-theme-library",
                "wp",
                "wp-addon",
                "wp-dependencies",
                "wp-library",
                "wp-plugin",
                "wp-theme"
            ],
            "time": "2019-04-12T06:38:33+00:00"
        }
    ],
    "packages-dev": [],
    "aliases": [],
    "minimum-stability": "stable",
    "stability-flags": [],
    "prefer-stable": false,
    "prefer-lowest": false,
    "platform": [],
    "platform-dev": []
}
